// !$*UTF8*$!
{
	archiveVersion = 1;
	classes = {
	};
	objectVersion = 50;
	objects = {

/* Begin PBXBuildFile section */
		495F4739223BD54700357F27 /* AppDelegate.swift in Sources */ = {isa = PBXBuildFile; fileRef = 495F4738223BD54700357F27 /* AppDelegate.swift */; };
		495F473B223BD54700357F27 /* ViewController.swift in Sources */ = {isa = PBXBuildFile; fileRef = 495F473A223BD54700357F27 /* ViewController.swift */; };
		495F473D223BD54800357F27 /* Assets.xcassets in Resources */ = {isa = PBXBuildFile; fileRef = 495F473C223BD54800357F27 /* Assets.xcassets */; };
		495F4740223BD54800357F27 /* Main.storyboard in Resources */ = {isa = PBXBuildFile; fileRef = 495F473E223BD54800357F27 /* Main.storyboard */; };
		495F474C223BD54800357F27 /* Egg_TimerTests.swift in Sources */ = {isa = PBXBuildFile; fileRef = 495F474B223BD54800357F27 /* Egg_TimerTests.swift */; };
		495F4757223BD54800357F27 /* Egg_TimerUITests.swift in Sources */ = {isa = PBXBuildFile; fileRef = 495F4756223BD54800357F27 /* Egg_TimerUITests.swift */; };
		49A6A9BC223FC8840090AFBC /* PrefsViewController.swift in Sources */ = {isa = PBXBuildFile; fileRef = 49A6A9BB223FC8840090AFBC /* PrefsViewController.swift */; };
		49A6A9C1223FD3A90090AFBC /* EggTimer.swift in Sources */ = {isa = PBXBuildFile; fileRef = 49A6A9C0223FD3A90090AFBC /* EggTimer.swift */; };
		49A6A9C3223FDA540090AFBC /* Preferences.swift in Sources */ = {isa = PBXBuildFile; fileRef = 49A6A9C2223FDA540090AFBC /* Preferences.swift */; };
		49A6A9C5223FDE670090AFBC /* ding.mp3 in Resources */ = {isa = PBXBuildFile; fileRef = 49A6A9C4223FDE670090AFBC /* ding.mp3 */; };
/* End PBXBuildFile section */

/* Begin PBXContainerItemProxy section */
		495F4748223BD54800357F27 /* PBXContainerItemProxy */ = {
			isa = PBXContainerItemProxy;
			containerPortal = 495F472D223BD54700357F27 /* Project object */;
			proxyType = 1;
			remoteGlobalIDString = 495F4734223BD54700357F27;
			remoteInfo = "Egg Timer";
		};
		495F4753223BD54800357F27 /* PBXContainerItemProxy */ = {
			isa = PBXContainerItemProxy;
			containerPortal = 495F472D223BD54700357F27 /* Project object */;
			proxyType = 1;
			remoteGlobalIDString = 495F4734223BD54700357F27;
			remoteInfo = "Egg Timer";
		};
/* End PBXContainerItemProxy section */

/* Begin PBXFileReference section */
		495F4735223BD54700357F27 /* Egg Timer.app */ = {isa = PBXFileReference; explicitFileType = wrapper.application; includeInIndex = 0; path = "Egg Timer.app"; sourceTree = BUILT_PRODUCTS_DIR; };
		495F4738223BD54700357F27 /* AppDelegate.swift */ = {isa = PBXFileReference; lastKnownFileType = sourcecode.swift; path = AppDelegate.swift; sourceTree = "<group>"; };
		495F473A223BD54700357F27 /* ViewController.swift */ = {isa = PBXFileReference; lastKnownFileType = sourcecode.swift; path = ViewController.swift; sourceTree = "<group>"; };
		495F473C223BD54800357F27 /* Assets.xcassets */ = {isa = PBXFileReference; lastKnownFileType = folder.assetcatalog; path = Assets.xcassets; sourceTree = "<group>"; };
		495F473F223BD54800357F27 /* Base */ = {isa = PBXFileReference; lastKnownFileType = file.storyboard; name = Base; path = Base.lproj/Main.storyboard; sourceTree = "<group>"; };
		495F4741223BD54800357F27 /* Info.plist */ = {isa = PBXFileReference; lastKnownFileType = text.plist.xml; path = Info.plist; sourceTree = "<group>"; };
		495F4742223BD54800357F27 /* Egg_Timer.entitlements */ = {isa = PBXFileReference; lastKnownFileType = text.plist.entitlements; path = Egg_Timer.entitlements; sourceTree = "<group>"; };
		495F4747223BD54800357F27 /* Egg TimerTests.xctest */ = {isa = PBXFileReference; explicitFileType = wrapper.cfbundle; includeInIndex = 0; path = "Egg TimerTests.xctest"; sourceTree = BUILT_PRODUCTS_DIR; };
		495F474B223BD54800357F27 /* Egg_TimerTests.swift */ = {isa = PBXFileReference; lastKnownFileType = sourcecode.swift; path = Egg_TimerTests.swift; sourceTree = "<group>"; };
		495F474D223BD54800357F27 /* Info.plist */ = {isa = PBXFileReference; lastKnownFileType = text.plist.xml; path = Info.plist; sourceTree = "<group>"; };
		495F4752223BD54800357F27 /* Egg TimerUITests.xctest */ = {isa = PBXFileReference; explicitFileType = wrapper.cfbundle; includeInIndex = 0; path = "Egg TimerUITests.xctest"; sourceTree = BUILT_PRODUCTS_DIR; };
		495F4756223BD54800357F27 /* Egg_TimerUITests.swift */ = {isa = PBXFileReference; lastKnownFileType = sourcecode.swift; path = Egg_TimerUITests.swift; sourceTree = "<group>"; };
		495F4758223BD54800357F27 /* Info.plist */ = {isa = PBXFileReference; lastKnownFileType = text.plist.xml; path = Info.plist; sourceTree = "<group>"; };
		49A6A9BB223FC8840090AFBC /* PrefsViewController.swift */ = {isa = PBXFileReference; lastKnownFileType = sourcecode.swift; path = PrefsViewController.swift; sourceTree = "<group>"; };
		49A6A9C0223FD3A90090AFBC /* EggTimer.swift */ = {isa = PBXFileReference; lastKnownFileType = sourcecode.swift; path = EggTimer.swift; sourceTree = "<group>"; };
		49A6A9C2223FDA540090AFBC /* Preferences.swift */ = {isa = PBXFileReference; lastKnownFileType = sourcecode.swift; path = Preferences.swift; sourceTree = "<group>"; };
		49A6A9C4223FDE670090AFBC /* ding.mp3 */ = {isa = PBXFileReference; lastKnownFileType = audio.mp3; path = ding.mp3; sourceTree = "<group>"; };
/* End PBXFileReference section */

/* Begin PBXFrameworksBuildPhase section */
		495F4732223BD54700357F27 /* Frameworks */ = {
			isa = PBXFrameworksBuildPhase;
			buildActionMask = 2147483647;
			files = (
			);
			runOnlyForDeploymentPostprocessing = 0;
		};
		495F4744223BD54800357F27 /* Frameworks */ = {
			isa = PBXFrameworksBuildPhase;
			buildActionMask = 2147483647;
			files = (
			);
			runOnlyForDeploymentPostprocessing = 0;
		};
		495F474F223BD54800357F27 /* Frameworks */ = {
			isa = PBXFrameworksBuildPhase;
			buildActionMask = 2147483647;
			files = (
			);
			runOnlyForDeploymentPostprocessing = 0;
		};
/* End PBXFrameworksBuildPhase section */

/* Begin PBXGroup section */
		495F472C223BD54700357F27 = {
			isa = PBXGroup;
			children = (
				495F4737223BD54700357F27 /* egg-timer */,
				495F474A223BD54800357F27 /* egg-timer-tests */,
				495F4755223BD54800357F27 /* egg-timerUITests */,
				495F4736223BD54700357F27 /* Products */,
			);
			sourceTree = "<group>";
		};
		495F4736223BD54700357F27 /* Products */ = {
			isa = PBXGroup;
			children = (
				495F4735223BD54700357F27 /* Egg Timer.app */,
				495F4747223BD54800357F27 /* Egg TimerTests.xctest */,
				495F4752223BD54800357F27 /* Egg TimerUITests.xctest */,
			);
			name = Products;
			sourceTree = "<group>";
		};
		495F4737223BD54700357F27 /* egg-timer */ = {
			isa = PBXGroup;
			children = (
				49A6A9C4223FDE670090AFBC /* ding.mp3 */,
				495F4742223BD54800357F27 /* Egg_Timer.entitlements */,
				495F4741223BD54800357F27 /* Info.plist */,
				49A6A9BE223FD3390090AFBC /* Model */,
				495F4738223BD54700357F27 /* AppDelegate.swift */,
				49A6A9BD223FD30E0090AFBC /* View Controllers */,
				495F473C223BD54800357F27 /* Assets.xcassets */,
				495F473E223BD54800357F27 /* Main.storyboard */,
			);
			path = "egg-timer";
			sourceTree = "<group>";
		};
		495F474A223BD54800357F27 /* egg-timer-tests */ = {
			isa = PBXGroup;
			children = (
				495F474B223BD54800357F27 /* Egg_TimerTests.swift */,
				495F474D223BD54800357F27 /* Info.plist */,
			);
			path = "egg-timer-tests";
			sourceTree = "<group>";
		};
		495F4755223BD54800357F27 /* egg-timerUITests */ = {
			isa = PBXGroup;
			children = (
				495F4756223BD54800357F27 /* Egg_TimerUITests.swift */,
				495F4758223BD54800357F27 /* Info.plist */,
			);
			path = "egg-timerUITests";
			sourceTree = "<group>";
		};
		49A6A9BD223FD30E0090AFBC /* View Controllers */ = {
			isa = PBXGroup;
			children = (
				495F473A223BD54700357F27 /* ViewController.swift */,
				49A6A9BB223FC8840090AFBC /* PrefsViewController.swift */,
			);
			path = "View Controllers";
			sourceTree = "<group>";
		};
		49A6A9BE223FD3390090AFBC /* Model */ = {
			isa = PBXGroup;
			children = (
				49A6A9C0223FD3A90090AFBC /* EggTimer.swift */,
				49A6A9C2223FDA540090AFBC /* Preferences.swift */,
			);
			path = Model;
			sourceTree = "<group>";
		};
/* End PBXGroup section */

/* Begin PBXNativeTarget section */
		495F4734223BD54700357F27 /* Egg Timer */ = {
			isa = PBXNativeTarget;
			buildConfigurationList = 495F475B223BD54800357F27 /* Build configuration list for PBXNativeTarget "Egg Timer" */;
			buildPhases = (
				495F4731223BD54700357F27 /* Sources */,
				495F4732223BD54700357F27 /* Frameworks */,
				495F4733223BD54700357F27 /* Resources */,
			);
			buildRules = (
			);
			dependencies = (
			);
			name = "Egg Timer";
			productName = "Egg Timer";
			productReference = 495F4735223BD54700357F27 /* Egg Timer.app */;
			productType = "com.apple.product-type.application";
		};
		495F4746223BD54800357F27 /* Egg TimerTests */ = {
			isa = PBXNativeTarget;
			buildConfigurationList = 495F475E223BD54800357F27 /* Build configuration list for PBXNativeTarget "Egg TimerTests" */;
			buildPhases = (
				495F4743223BD54800357F27 /* Sources */,
				495F4744223BD54800357F27 /* Frameworks */,
				495F4745223BD54800357F27 /* Resources */,
			);
			buildRules = (
			);
			dependencies = (
				495F4749223BD54800357F27 /* PBXTargetDependency */,
			);
			name = "Egg TimerTests";
			productName = "Egg TimerTests";
			productReference = 495F4747223BD54800357F27 /* Egg TimerTests.xctest */;
			productType = "com.apple.product-type.bundle.unit-test";
		};
		495F4751223BD54800357F27 /* Egg TimerUITests */ = {
			isa = PBXNativeTarget;
			buildConfigurationList = 495F4761223BD54800357F27 /* Build configuration list for PBXNativeTarget "Egg TimerUITests" */;
			buildPhases = (
				495F474E223BD54800357F27 /* Sources */,
				495F474F223BD54800357F27 /* Frameworks */,
				495F4750223BD54800357F27 /* Resources */,
			);
			buildRules = (
			);
			dependencies = (
				495F4754223BD54800357F27 /* PBXTargetDependency */,
			);
			name = "Egg TimerUITests";
			productName = "Egg TimerUITests";
			productReference = 495F4752223BD54800357F27 /* Egg TimerUITests.xctest */;
			productType = "com.apple.product-type.bundle.ui-testing";
		};
/* End PBXNativeTarget section */

/* Begin PBXProject section */
		495F472D223BD54700357F27 /* Project object */ = {
			isa = PBXProject;
			attributes = {
				LastSwiftUpdateCheck = 1010;
				LastUpgradeCheck = 1010;
				ORGANIZATIONNAME = marc;
				TargetAttributes = {
					495F4734223BD54700357F27 = {
						CreatedOnToolsVersion = 10.1;
					};
					495F4746223BD54800357F27 = {
						CreatedOnToolsVersion = 10.1;
						TestTargetID = 495F4734223BD54700357F27;
					};
					495F4751223BD54800357F27 = {
						CreatedOnToolsVersion = 10.1;
						TestTargetID = 495F4734223BD54700357F27;
					};
				};
			};
			buildConfigurationList = 495F4730223BD54700357F27 /* Build configuration list for PBXProject "egg-timer" */;
			compatibilityVersion = "Xcode 9.3";
			developmentRegion = en;
			hasScannedForEncodings = 0;
			knownRegions = (
				en,
				Base,
			);
			mainGroup = 495F472C223BD54700357F27;
			productRefGroup = 495F4736223BD54700357F27 /* Products */;
			projectDirPath = "";
			projectRoot = "";
			targets = (
				495F4734223BD54700357F27 /* Egg Timer */,
				495F4746223BD54800357F27 /* Egg TimerTests */,
				495F4751223BD54800357F27 /* Egg TimerUITests */,
			);
		};
/* End PBXProject section */

/* Begin PBXResourcesBuildPhase section */
		495F4733223BD54700357F27 /* Resources */ = {
			isa = PBXResourcesBuildPhase;
			buildActionMask = 2147483647;
			files = (
				495F473D223BD54800357F27 /* Assets.xcassets in Resources */,
				495F4740223BD54800357F27 /* Main.storyboard in Resources */,
				49A6A9C5223FDE670090AFBC /* ding.mp3 in Resources */,
			);
			runOnlyForDeploymentPostprocessing = 0;
		};
		495F4745223BD54800357F27 /* Resources */ = {
			isa = PBXResourcesBuildPhase;
			buildActionMask = 2147483647;
			files = (
			);
			runOnlyForDeploymentPostprocessing = 0;
		};
		495F4750223BD54800357F27 /* Resources */ = {
			isa = PBXResourcesBuildPhase;
			buildActionMask = 2147483647;
			files = (
			);
			runOnlyForDeploymentPostprocessing = 0;
		};
/* End PBXResourcesBuildPhase section */

/* Begin PBXSourcesBuildPhase section */
		495F4731223BD54700357F27 /* Sources */ = {
			isa = PBXSourcesBuildPhase;
			buildActionMask = 2147483647;
			files = (
				495F473B223BD54700357F27 /* ViewController.swift in Sources */,
				49A6A9C1223FD3A90090AFBC /* EggTimer.swift in Sources */,
				49A6A9C3223FDA540090AFBC /* Preferences.swift in Sources */,
				49A6A9BC223FC8840090AFBC /* PrefsViewController.swift in Sources */,
				495F4739223BD54700357F27 /* AppDelegate.swift in Sources */,
			);
			runOnlyForDeploymentPostprocessing = 0;
		};
		495F4743223BD54800357F27 /* Sources */ = {
			isa = PBXSourcesBuildPhase;
			buildActionMask = 2147483647;
			files = (
				495F474C223BD54800357F27 /* Egg_TimerTests.swift in Sources */,
			);
			runOnlyForDeploymentPostprocessing = 0;
		};
		495F474E223BD54800357F27 /* Sources */ = {
			isa = PBXSourcesBuildPhase;
			buildActionMask = 2147483647;
			files = (
				495F4757223BD54800357F27 /* Egg_TimerUITests.swift in Sources */,
			);
			runOnlyForDeploymentPostprocessing = 0;
		};
/* End PBXSourcesBuildPhase section */

/* Begin PBXTargetDependency section */
		495F4749223BD54800357F27 /* PBXTargetDependency */ = {
			isa = PBXTargetDependency;
			target = 495F4734223BD54700357F27 /* Egg Timer */;
			targetProxy = 495F4748223BD54800357F27 /* PBXContainerItemProxy */;
		};
		495F4754223BD54800357F27 /* PBXTargetDependency */ = {
			isa = PBXTargetDependency;
			target = 495F4734223BD54700357F27 /* Egg Timer */;
			targetProxy = 495F4753223BD54800357F27 /* PBXContainerItemProxy */;
		};
/* End PBXTargetDependency section */

/* Begin PBXVariantGroup section */
		495F473E223BD54800357F27 /* Main.storyboard */ = {
			isa = PBXVariantGroup;
			children = (
				495F473F223BD54800357F27 /* Base */,
			);
			name = Main.storyboard;
			sourceTree = "<group>";
		};
/* End PBXVariantGroup section */

/* Begin XCBuildConfiguration section */
		495F4759223BD54800357F27 /* Debug */ = {
			isa = XCBuildConfiguration;
			buildSettings = {
				ALWAYS_SEARCH_USER_PATHS = NO;
				CLANG_ANALYZER_NONNULL = YES;
				CLANG_ANALYZER_NUMBER_OBJECT_CONVERSION = YES_AGGRESSIVE;
				CLANG_CXX_LANGUAGE_STANDARD = "gnu++14";
				CLANG_CXX_LIBRARY = "libc++";
				CLANG_ENABLE_MODULES = YES;
				CLANG_ENABLE_OBJC_ARC = YES;
				CLANG_ENABLE_OBJC_WEAK = YES;
				CLANG_WARN_BLOCK_CAPTURE_AUTORELEASING = YES;
				CLANG_WARN_BOOL_CONVERSION = YES;
				CLANG_WARN_COMMA = YES;
				CLANG_WARN_CONSTANT_CONVERSION = YES;
				CLANG_WARN_DEPRECATED_OBJC_IMPLEMENTATIONS = YES;
				CLANG_WARN_DIRECT_OBJC_ISA_USAGE = YES_ERROR;
				CLANG_WARN_DOCUMENTATION_COMMENTS = YES;
				CLANG_WARN_EMPTY_BODY = YES;
				CLANG_WARN_ENUM_CONVERSION = YES;
				CLANG_WARN_INFINITE_RECURSION = YES;
				CLANG_WARN_INT_CONVERSION = YES;
				CLANG_WARN_NON_LITERAL_NULL_CONVERSION = YES;
				CLANG_WARN_OBJC_IMPLICIT_RETAIN_SELF = YES;
				CLANG_WARN_OBJC_LITERAL_CONVERSION = YES;
				CLANG_WARN_OBJC_ROOT_CLASS = YES_ERROR;
				CLANG_WARN_RANGE_LOOP_ANALYSIS = YES;
				CLANG_WARN_STRICT_PROTOTYPES = YES;
				CLANG_WARN_SUSPICIOUS_MOVE = YES;
				CLANG_WARN_UNGUARDED_AVAILABILITY = YES_AGGRESSIVE;
				CLANG_WARN_UNREACHABLE_CODE = YES;
				CLANG_WARN__DUPLICATE_METHOD_MATCH = YES;
				CODE_SIGN_IDENTITY = "-";
				COPY_PHASE_STRIP = NO;
				DEBUG_INFORMATION_FORMAT = dwarf;
				ENABLE_STRICT_OBJC_MSGSEND = YES;
				ENABLE_TESTABILITY = YES;
				GCC_C_LANGUAGE_STANDARD = gnu11;
				GCC_DYNAMIC_NO_PIC = NO;
				GCC_NO_COMMON_BLOCKS = YES;
				GCC_OPTIMIZATION_LEVEL = 0;
				GCC_PREPROCESSOR_DEFINITIONS = (
					"DEBUG=1",
					"$(inherited)",
				);
				GCC_WARN_64_TO_32_BIT_CONVERSION = YES;
				GCC_WARN_ABOUT_RETURN_TYPE = YES_ERROR;
				GCC_WARN_UNDECLARED_SELECTOR = YES;
				GCC_WARN_UNINITIALIZED_AUTOS = YES_AGGRESSIVE;
				GCC_WARN_UNUSED_FUNCTION = YES;
				GCC_WARN_UNUSED_VARIABLE = YES;
				MACOSX_DEPLOYMENT_TARGET = 10.14;
				MTL_ENABLE_DEBUG_INFO = INCLUDE_SOURCE;
				MTL_FAST_MATH = YES;
				ONLY_ACTIVE_ARCH = YES;
				SDKROOT = macosx;
				SWIFT_ACTIVE_COMPILATION_CONDITIONS = DEBUG;
				SWIFT_OPTIMIZATION_LEVEL = "-Onone";
			};
			name = Debug;
		};
		495F475A223BD54800357F27 /* Release */ = {
			isa = XCBuildConfiguration;
			buildSettings = {
				ALWAYS_SEARCH_USER_PATHS = NO;
				CLANG_ANALYZER_NONNULL = YES;
				CLANG_ANALYZER_NUMBER_OBJECT_CONVERSION = YES_AGGRESSIVE;
				CLANG_CXX_LANGUAGE_STANDARD = "gnu++14";
				CLANG_CXX_LIBRARY = "libc++";
				CLANG_ENABLE_MODULES = YES;
				CLANG_ENABLE_OBJC_ARC = YES;
				CLANG_ENABLE_OBJC_WEAK = YES;
				CLANG_WARN_BLOCK_CAPTURE_AUTORELEASING = YES;
				CLANG_WARN_BOOL_CONVERSION = YES;
				CLANG_WARN_COMMA = YES;
				CLANG_WARN_CONSTANT_CONVERSION = YES;
				CLANG_WARN_DEPRECATED_OBJC_IMPLEMENTATIONS = YES;
				CLANG_WARN_DIRECT_OBJC_ISA_USAGE = YES_ERROR;
				CLANG_WARN_DOCUMENTATION_COMMENTS = YES;
				CLANG_WARN_EMPTY_BODY = YES;
				CLANG_WARN_ENUM_CONVERSION = YES;
				CLANG_WARN_INFINITE_RECURSION = YES;
				CLANG_WARN_INT_CONVERSION = YES;
				CLANG_WARN_NON_LITERAL_NULL_CONVERSION = YES;
				CLANG_WARN_OBJC_IMPLICIT_RETAIN_SELF = YES;
				CLANG_WARN_OBJC_LITERAL_CONVERSION = YES;
				CLANG_WARN_OBJC_ROOT_CLASS = YES_ERROR;
				CLANG_WARN_RANGE_LOOP_ANALYSIS = YES;
				CLANG_WARN_STRICT_PROTOTYPES = YES;
				CLANG_WARN_SUSPICIOUS_MOVE = YES;
				CLANG_WARN_UNGUARDED_AVAILABILITY = YES_AGGRESSIVE;
				CLANG_WARN_UNREACHABLE_CODE = YES;
				CLANG_WARN__DUPLICATE_METHOD_MATCH = YES;
				CODE_SIGN_IDENTITY = "-";
				COPY_PHASE_STRIP = NO;
				DEBUG_INFORMATION_FORMAT = "dwarf-with-dsym";
				ENABLE_NS_ASSERTIONS = NO;
				ENABLE_STRICT_OBJC_MSGSEND = YES;
				GCC_C_LANGUAGE_STANDARD = gnu11;
				GCC_NO_COMMON_BLOCKS = YES;
				GCC_WARN_64_TO_32_BIT_CONVERSION = YES;
				GCC_WARN_ABOUT_RETURN_TYPE = YES_ERROR;
				GCC_WARN_UNDECLARED_SELECTOR = YES;
				GCC_WARN_UNINITIALIZED_AUTOS = YES_AGGRESSIVE;
				GCC_WARN_UNUSED_FUNCTION = YES;
				GCC_WARN_UNUSED_VARIABLE = YES;
				MACOSX_DEPLOYMENT_TARGET = 10.14;
				MTL_ENABLE_DEBUG_INFO = NO;
				MTL_FAST_MATH = YES;
				SDKROOT = macosx;
				SWIFT_COMPILATION_MODE = wholemodule;
				SWIFT_OPTIMIZATION_LEVEL = "-O";
			};
			name = Release;
		};
		495F475C223BD54800357F27 /* Debug */ = {
			isa = XCBuildConfiguration;
			buildSettings = {
				ASSETCATALOG_COMPILER_APPICON_NAME = AppIcon;
				CODE_SIGN_ENTITLEMENTS = "egg-timer/egg-timer.entitlements";
				CODE_SIGN_STYLE = Automatic;
				COMBINE_HIDPI_IMAGES = YES;
				INFOPLIST_FILE = "egg-timer/Info.plist";
				LD_RUNPATH_SEARCH_PATHS = (
					"$(inherited)",
					"@executable_path/../Frameworks",
				);
				PRODUCT_BUNDLE_IDENTIFIER = "sogi.egg-timer";
				PRODUCT_NAME = "$(TARGET_NAME)";
				SWIFT_VERSION = 4.2;
			};
			name = Debug;
		};
		495F475D223BD54800357F27 /* Release */ = {
			isa = XCBuildConfiguration;
			buildSettings = {
				ASSETCATALOG_COMPILER_APPICON_NAME = AppIcon;
				CODE_SIGN_ENTITLEMENTS = "egg-timer/egg-timer.entitlements";
				CODE_SIGN_STYLE = Automatic;
				COMBINE_HIDPI_IMAGES = YES;
				INFOPLIST_FILE = "egg-timer/Info.plist";
				LD_RUNPATH_SEARCH_PATHS = (
					"$(inherited)",
					"@executable_path/../Frameworks",
				);
				PRODUCT_BUNDLE_IDENTIFIER = "sogi.egg-timer";
				PRODUCT_NAME = "$(TARGET_NAME)";
				SWIFT_VERSION = 4.2;
			};
			name = Release;
		};
		495F475F223BD54800357F27 /* Debug */ = {
			isa = XCBuildConfiguration;
			buildSettings = {
				ALWAYS_EMBED_SWIFT_STANDARD_LIBRARIES = YES;
				BUNDLE_LOADER = "$(TEST_HOST)";
				CODE_SIGN_STYLE = Automatic;
				COMBINE_HIDPI_IMAGES = YES;
				INFOPLIST_FILE = "Egg TimerTests/Info.plist";
				LD_RUNPATH_SEARCH_PATHS = (
					"$(inherited)",
					"@executable_path/../Frameworks",
					"@loader_path/../Frameworks",
				);
				PRODUCT_BUNDLE_IDENTIFIER = "sogi.Egg-TimerTests";
				PRODUCT_NAME = "$(TARGET_NAME)";
				SWIFT_VERSION = 4.2;
				TEST_HOST = "$(BUILT_PRODUCTS_DIR)/Egg Timer.app/Contents/MacOS/Egg Timer";
			};
			name = Debug;
		};
		495F4760223BD54800357F27 /* Release */ = {
			isa = XCBuildConfiguration;
			buildSettings = {
				ALWAYS_EMBED_SWIFT_STANDARD_LIBRARIES = YES;
				BUNDLE_LOADER = "$(TEST_HOST)";
				CODE_SIGN_STYLE = Automatic;
				COMBINE_HIDPI_IMAGES = YES;
				INFOPLIST_FILE = "Egg TimerTests/Info.plist";
				LD_RUNPATH_SEARCH_PATHS = (
					"$(inherited)",
					"@executable_path/../Frameworks",
					"@loader_path/../Frameworks",
				);
				PRODUCT_BUNDLE_IDENTIFIER = "sogi.Egg-TimerTests";
				PRODUCT_NAME = "$(TARGET_NAME)";
				SWIFT_VERSION = 4.2;
				TEST_HOST = "$(BUILT_PRODUCTS_DIR)/Egg Timer.app/Contents/MacOS/Egg Timer";
			};
			name = Release;
		};
		495F4762223BD54800357F27 /* Debug */ = {
			isa = XCBuildConfiguration;
			buildSettings = {
				ALWAYS_EMBED_SWIFT_STANDARD_LIBRARIES = YES;
				CODE_SIGN_STYLE = Automatic;
				COMBINE_HIDPI_IMAGES = YES;
				INFOPLIST_FILE = "Egg TimerUITests/Info.plist";
				LD_RUNPATH_SEARCH_PATHS = (
					"$(inherited)",
					"@executable_path/../Frameworks",
					"@loader_path/../Frameworks",
				);
				PRODUCT_BUNDLE_IDENTIFIER = "sogi.Egg-TimerUITests";
				PRODUCT_NAME = "$(TARGET_NAME)";
				SWIFT_VERSION = 4.2;
				TEST_TARGET_NAME = "Egg Timer";
			};
			name = Debug;
		};
		495F4763223BD54800357F27 /* Release */ = {
			isa = XCBuildConfiguration;
			buildSettings = {
				ALWAYS_EMBED_SWIFT_STANDARD_LIBRARIES = YES;
				CODE_SIGN_STYLE = Automatic;
				COMBINE_HIDPI_IMAGES = YES;
				INFOPLIST_FILE = "Egg TimerUITests/Info.plist";
				LD_RUNPATH_SEARCH_PATHS = (
					"$(inherited)",
					"@executable_path/../Frameworks",
					"@loader_path/../Frameworks",
				);
				PRODUCT_BUNDLE_IDENTIFIER = "sogi.Egg-TimerUITests";
				PRODUCT_NAME = "$(TARGET_NAME)";
				SWIFT_VERSION = 4.2;
				TEST_TARGET_NAME = "Egg Timer";
			};
			name = Release;
		};
/* End XCBuildConfiguration section */

/* Begin XCConfigurationList section */
		495F4730223BD54700357F27 /* Build configuration list for PBXProject "egg-timer" */ = {
			isa = XCConfigurationList;
			buildConfigurations = (
				495F4759223BD54800357F27 /* Debug */,
				495F475A223BD54800357F27 /* Release */,
			);
			defaultConfigurationIsVisible = 0;
			defaultConfigurationName = Release;
		};
		495F475B223BD54800357F27 /* Build configuration list for PBXNativeTarget "Egg Timer" */ = {
			isa = XCConfigurationList;
			buildConfigurations = (
				495F475C223BD54800357F27 /* Debug */,
				495F475D223BD54800357F27 /* Release */,
			);
			defaultConfigurationIsVisible = 0;
			defaultConfigurationName = Release;
		};
		495F475E223BD54800357F27 /* Build configuration list for PBXNativeTarget "Egg TimerTests" */ = {
			isa = XCConfigurationList;
			buildConfigurations = (
				495F475F223BD54800357F27 /* Debug */,
				495F4760223BD54800357F27 /* Release */,
			);
			defaultConfigurationIsVisible = 0;
			defaultConfigurationName = Release;
		};
		495F4761223BD54800357F27 /* Build configuration list for PBXNativeTarget "Egg TimerUITests" */ = {
			isa = XCConfigurationList;
			buildConfigurations = (
				495F4762223BD54800357F27 /* Debug */,
				495F4763223BD54800357F27 /* Release */,
			);
			defaultConfigurationIsVisible = 0;
			defaultConfigurationName = Release;
		};
/* End XCConfigurationList section */
	};
	rootObject = 495F472D223BD54700357F27 /* Project object */;
}
